// !$*UTF8*$!
{
	archiveVersion = 1;
	classes = {
	};
	objectVersion = 46;
	objects = {

/* Begin PBXBuildFile section */
		8092A3071DE0C11D00A51954 /* AppDelegate.swift in Sources */ = {isa = PBXBuildFile; fileRef = 8092A3061DE0C11D00A51954 /* AppDelegate.swift */; };
		8092A3091DE0C11D00A51954 /* ViewController.swift in Sources */ = {isa = PBXBuildFile; fileRef = 8092A3081DE0C11D00A51954 /* ViewController.swift */; };
		8092A30C1DE0C11D00A51954 /* Main.storyboard in Resources */ = {isa = PBXBuildFile; fileRef = 8092A30A1DE0C11D00A51954 /* Main.storyboard */; };
		8092A30E1DE0C11D00A51954 /* Assets.xcassets in Resources */ = {isa = PBXBuildFile; fileRef = 8092A30D1DE0C11D00A51954 /* Assets.xcassets */; };
		8092A3111DE0C11D00A51954 /* LaunchScreen.storyboard in Resources */ = {isa = PBXBuildFile; fileRef = 8092A30F1DE0C11D00A51954 /* LaunchScreen.storyboard */; };
		8092A31C1DE0C11D00A51954 /* Fenway_Garden_SocietyTests.swift in Sources */ = {isa = PBXBuildFile; fileRef = 8092A31B1DE0C11D00A51954 /* Fenway_Garden_SocietyTests.swift */; };
		8092A3271DE0C11D00A51954 /* Fenway_Garden_SocietyUITests.swift in Sources */ = {isa = PBXBuildFile; fileRef = 8092A3261DE0C11D00A51954 /* Fenway_Garden_SocietyUITests.swift */; };
		852D88351DE3CCC500E6AD01 /* UISideMenuViewController.swift in Sources */ = {isa = PBXBuildFile; fileRef = 852D88341DE3CCC500E6AD01 /* UISideMenuViewController.swift */; };
/* End PBXBuildFile section */

/* Begin PBXContainerItemProxy section */
		8092A3181DE0C11D00A51954 /* PBXContainerItemProxy */ = {
			isa = PBXContainerItemProxy;
			containerPortal = 8092A2FB1DE0C11C00A51954 /* Project object */;
			proxyType = 1;
			remoteGlobalIDString = 8092A3021DE0C11C00A51954;
			remoteInfo = "Fenway Garden Society";
		};
		8092A3231DE0C11D00A51954 /* PBXContainerItemProxy */ = {
			isa = PBXContainerItemProxy;
			containerPortal = 8092A2FB1DE0C11C00A51954 /* Project object */;
			proxyType = 1;
			remoteGlobalIDString = 8092A3021DE0C11C00A51954;
			remoteInfo = "Fenway Garden Society";
		};
/* End PBXContainerItemProxy section */

/* Begin PBXFileReference section */
		8092A3031DE0C11D00A51954 /* Fenway Garden Society.app */ = {isa = PBXFileReference; explicitFileType = wrapper.application; includeInIndex = 0; path = "Fenway Garden Society.app"; sourceTree = BUILT_PRODUCTS_DIR; };
		8092A3061DE0C11D00A51954 /* AppDelegate.swift */ = {isa = PBXFileReference; lastKnownFileType = sourcecode.swift; path = AppDelegate.swift; sourceTree = "<group>"; };
		8092A3081DE0C11D00A51954 /* ViewController.swift */ = {isa = PBXFileReference; lastKnownFileType = sourcecode.swift; path = ViewController.swift; sourceTree = "<group>"; };
		8092A30B1DE0C11D00A51954 /* Base */ = {isa = PBXFileReference; lastKnownFileType = file.storyboard; name = Base; path = Base.lproj/Main.storyboard; sourceTree = "<group>"; };
		8092A30D1DE0C11D00A51954 /* Assets.xcassets */ = {isa = PBXFileReference; lastKnownFileType = folder.assetcatalog; path = Assets.xcassets; sourceTree = "<group>"; };
		8092A3101DE0C11D00A51954 /* Base */ = {isa = PBXFileReference; lastKnownFileType = file.storyboard; name = Base; path = Base.lproj/LaunchScreen.storyboard; sourceTree = "<group>"; };
		8092A3121DE0C11D00A51954 /* Info.plist */ = {isa = PBXFileReference; lastKnownFileType = text.plist.xml; path = Info.plist; sourceTree = "<group>"; };
		8092A3171DE0C11D00A51954 /* Fenway Garden SocietyTests.xctest */ = {isa = PBXFileReference; explicitFileType = wrapper.cfbundle; includeInIndex = 0; path = "Fenway Garden SocietyTests.xctest"; sourceTree = BUILT_PRODUCTS_DIR; };
		8092A31B1DE0C11D00A51954 /* Fenway_Garden_SocietyTests.swift */ = {isa = PBXFileReference; lastKnownFileType = sourcecode.swift; path = Fenway_Garden_SocietyTests.swift; sourceTree = "<group>"; };
		8092A31D1DE0C11D00A51954 /* Info.plist */ = {isa = PBXFileReference; lastKnownFileType = text.plist.xml; path = Info.plist; sourceTree = "<group>"; };
		8092A3221DE0C11D00A51954 /* Fenway Garden SocietyUITests.xctest */ = {isa = PBXFileReference; explicitFileType = wrapper.cfbundle; includeInIndex = 0; path = "Fenway Garden SocietyUITests.xctest"; sourceTree = BUILT_PRODUCTS_DIR; };
		8092A3261DE0C11D00A51954 /* Fenway_Garden_SocietyUITests.swift */ = {isa = PBXFileReference; lastKnownFileType = sourcecode.swift; path = Fenway_Garden_SocietyUITests.swift; sourceTree = "<group>"; };
		8092A3281DE0C11D00A51954 /* Info.plist */ = {isa = PBXFileReference; lastKnownFileType = text.plist.xml; path = Info.plist; sourceTree = "<group>"; };
		852D88341DE3CCC500E6AD01 /* UISideMenuViewController.swift */ = {isa = PBXFileReference; fileEncoding = 4; lastKnownFileType = sourcecode.swift; path = UISideMenuViewController.swift; sourceTree = "<group>"; };
/* End PBXFileReference section */

/* Begin PBXFrameworksBuildPhase section */
		8092A3001DE0C11C00A51954 /* Frameworks */ = {
			isa = PBXFrameworksBuildPhase;
			buildActionMask = 2147483647;
			files = (
			);
			runOnlyForDeploymentPostprocessing = 0;
		};
		8092A3141DE0C11D00A51954 /* Frameworks */ = {
			isa = PBXFrameworksBuildPhase;
			buildActionMask = 2147483647;
			files = (
			);
			runOnlyForDeploymentPostprocessing = 0;
		};
		8092A31F1DE0C11D00A51954 /* Frameworks */ = {
			isa = PBXFrameworksBuildPhase;
			buildActionMask = 2147483647;
			files = (
			);
			runOnlyForDeploymentPostprocessing = 0;
		};
/* End PBXFrameworksBuildPhase section */

/* Begin PBXGroup section */
		8092A2FA1DE0C11C00A51954 = {
			isa = PBXGroup;
			children = (
				8092A3051DE0C11D00A51954 /* Fenway Garden Society */,
				8092A31A1DE0C11D00A51954 /* Fenway Garden SocietyTests */,
				8092A3251DE0C11D00A51954 /* Fenway Garden SocietyUITests */,
				8092A3041DE0C11D00A51954 /* Products */,
			);
			sourceTree = "<group>";
		};
		8092A3041DE0C11D00A51954 /* Products */ = {
			isa = PBXGroup;
			children = (
				8092A3031DE0C11D00A51954 /* Fenway Garden Society.app */,
				8092A3171DE0C11D00A51954 /* Fenway Garden SocietyTests.xctest */,
				8092A3221DE0C11D00A51954 /* Fenway Garden SocietyUITests.xctest */,
			);
			name = Products;
			sourceTree = "<group>";
		};
		8092A3051DE0C11D00A51954 /* Fenway Garden Society */ = {
			isa = PBXGroup;
			children = (
				8092A3061DE0C11D00A51954 /* AppDelegate.swift */,
				8092A3081DE0C11D00A51954 /* ViewController.swift */,
				8092A30A1DE0C11D00A51954 /* Main.storyboard */,
				852D88341DE3CCC500E6AD01 /* UISideMenuViewController.swift */,
				8092A30D1DE0C11D00A51954 /* Assets.xcassets */,
				8092A30F1DE0C11D00A51954 /* LaunchScreen.storyboard */,
				8092A3121DE0C11D00A51954 /* Info.plist */,
			);
			path = "Fenway Garden Society";
			sourceTree = "<group>";
		};
		8092A31A1DE0C11D00A51954 /* Fenway Garden SocietyTests */ = {
			isa = PBXGroup;
			children = (
				8092A31B1DE0C11D00A51954 /* Fenway_Garden_SocietyTests.swift */,
				8092A31D1DE0C11D00A51954 /* Info.plist */,
			);
			path = "Fenway Garden SocietyTests";
			sourceTree = "<group>";
		};
		8092A3251DE0C11D00A51954 /* Fenway Garden SocietyUITests */ = {
			isa = PBXGroup;
			children = (
				8092A3261DE0C11D00A51954 /* Fenway_Garden_SocietyUITests.swift */,
				8092A3281DE0C11D00A51954 /* Info.plist */,
			);
			path = "Fenway Garden SocietyUITests";
			sourceTree = "<group>";
		};
/* End PBXGroup section */

/* Begin PBXNativeTarget section */
		8092A3021DE0C11C00A51954 /* Fenway Garden Society */ = {
			isa = PBXNativeTarget;
			buildConfigurationList = 8092A32B1DE0C11D00A51954 /* Build configuration list for PBXNativeTarget "Fenway Garden Society" */;
			buildPhases = (
				8092A2FF1DE0C11C00A51954 /* Sources */,
				8092A3001DE0C11C00A51954 /* Frameworks */,
				8092A3011DE0C11C00A51954 /* Resources */,
			);
			buildRules = (
			);
			dependencies = (
			);
			name = "Fenway Garden Society";
			productName = "Fenway Garden Society";
			productReference = 8092A3031DE0C11D00A51954 /* Fenway Garden Society.app */;
			productType = "com.apple.product-type.application";
		};
		8092A3161DE0C11D00A51954 /* Fenway Garden SocietyTests */ = {
			isa = PBXNativeTarget;
			buildConfigurationList = 8092A32E1DE0C11D00A51954 /* Build configuration list for PBXNativeTarget "Fenway Garden SocietyTests" */;
			buildPhases = (
				8092A3131DE0C11D00A51954 /* Sources */,
				8092A3141DE0C11D00A51954 /* Frameworks */,
				8092A3151DE0C11D00A51954 /* Resources */,
			);
			buildRules = (
			);
			dependencies = (
				8092A3191DE0C11D00A51954 /* PBXTargetDependency */,
			);
			name = "Fenway Garden SocietyTests";
			productName = "Fenway Garden SocietyTests";
			productReference = 8092A3171DE0C11D00A51954 /* Fenway Garden SocietyTests.xctest */;
			productType = "com.apple.product-type.bundle.unit-test";
		};
		8092A3211DE0C11D00A51954 /* Fenway Garden SocietyUITests */ = {
			isa = PBXNativeTarget;
			buildConfigurationList = 8092A3311DE0C11D00A51954 /* Build configuration list for PBXNativeTarget "Fenway Garden SocietyUITests" */;
			buildPhases = (
				8092A31E1DE0C11D00A51954 /* Sources */,
				8092A31F1DE0C11D00A51954 /* Frameworks */,
				8092A3201DE0C11D00A51954 /* Resources */,
			);
			buildRules = (
			);
			dependencies = (
				8092A3241DE0C11D00A51954 /* PBXTargetDependency */,
			);
			name = "Fenway Garden SocietyUITests";
			productName = "Fenway Garden SocietyUITests";
			productReference = 8092A3221DE0C11D00A51954 /* Fenway Garden SocietyUITests.xctest */;
			productType = "com.apple.product-type.bundle.ui-testing";
		};
/* End PBXNativeTarget section */

/* Begin PBXProject section */
		8092A2FB1DE0C11C00A51954 /* Project object */ = {
			isa = PBXProject;
			attributes = {
				LastSwiftUpdateCheck = 0810;
				LastUpgradeCheck = 0810;
				ORGANIZATIONNAME = "BU Global App Initiative";
				TargetAttributes = {
					8092A3021DE0C11C00A51954 = {
						CreatedOnToolsVersion = 8.1;
						ProvisioningStyle = Automatic;
					};
					8092A3161DE0C11D00A51954 = {
						CreatedOnToolsVersion = 8.1;
						ProvisioningStyle = Automatic;
						TestTargetID = 8092A3021DE0C11C00A51954;
					};
					8092A3211DE0C11D00A51954 = {
						CreatedOnToolsVersion = 8.1;
						ProvisioningStyle = Automatic;
						TestTargetID = 8092A3021DE0C11C00A51954;
					};
				};
			};
			buildConfigurationList = 8092A2FE1DE0C11C00A51954 /* Build configuration list for PBXProject "Fenway Garden Society" */;
			compatibilityVersion = "Xcode 3.2";
			developmentRegion = English;
			hasScannedForEncodings = 0;
			knownRegions = (
				en,
				Base,
			);
			mainGroup = 8092A2FA1DE0C11C00A51954;
			productRefGroup = 8092A3041DE0C11D00A51954 /* Products */;
			projectDirPath = "";
			projectRoot = "";
			targets = (
				8092A3021DE0C11C00A51954 /* Fenway Garden Society */,
				8092A3161DE0C11D00A51954 /* Fenway Garden SocietyTests */,
				8092A3211DE0C11D00A51954 /* Fenway Garden SocietyUITests */,
			);
		};
/* End PBXProject section */

/* Begin PBXResourcesBuildPhase section */
		8092A3011DE0C11C00A51954 /* Resources */ = {
			isa = PBXResourcesBuildPhase;
			buildActionMask = 2147483647;
			files = (
				8092A3111DE0C11D00A51954 /* LaunchScreen.storyboard in Resources */,
				8092A30E1DE0C11D00A51954 /* Assets.xcassets in Resources */,
				8092A30C1DE0C11D00A51954 /* Main.storyboard in Resources */,
			);
			runOnlyForDeploymentPostprocessing = 0;
		};
		8092A3151DE0C11D00A51954 /* Resources */ = {
			isa = PBXResourcesBuildPhase;
			buildActionMask = 2147483647;
			files = (
			);
			runOnlyForDeploymentPostprocessing = 0;
		};
		8092A3201DE0C11D00A51954 /* Resources */ = {
			isa = PBXResourcesBuildPhase;
			buildActionMask = 2147483647;
			files = (
			);
			runOnlyForDeploymentPostprocessing = 0;
		};
/* End PBXResourcesBuildPhase section */

/* Begin PBXSourcesBuildPhase section */
		8092A2FF1DE0C11C00A51954 /* Sources */ = {
			isa = PBXSourcesBuildPhase;
			buildActionMask = 2147483647;
			files = (
				852D88351DE3CCC500E6AD01 /* UISideMenuViewController.swift in Sources */,
				8092A3091DE0C11D00A51954 /* ViewController.swift in Sources */,
				8092A3071DE0C11D00A51954 /* AppDelegate.swift in Sources */,
			);
			runOnlyForDeploymentPostprocessing = 0;
		};
		8092A3131DE0C11D00A51954 /* Sources */ = {
			isa = PBXSourcesBuildPhase;
			buildActionMask = 2147483647;
			files = (
				8092A31C1DE0C11D00A51954 /* Fenway_Garden_SocietyTests.swift in Sources */,
			);
			runOnlyForDeploymentPostprocessing = 0;
		};
		8092A31E1DE0C11D00A51954 /* Sources */ = {
			isa = PBXSourcesBuildPhase;
			buildActionMask = 2147483647;
			files = (
				8092A3271DE0C11D00A51954 /* Fenway_Garden_SocietyUITests.swift in Sources */,
			);
			runOnlyForDeploymentPostprocessing = 0;
		};
/* End PBXSourcesBuildPhase section */

/* Begin PBXTargetDependency section */
		8092A3191DE0C11D00A51954 /* PBXTargetDependency */ = {
			isa = PBXTargetDependency;
			target = 8092A3021DE0C11C00A51954 /* Fenway Garden Society */;
			targetProxy = 8092A3181DE0C11D00A51954 /* PBXContainerItemProxy */;
		};
		8092A3241DE0C11D00A51954 /* PBXTargetDependency */ = {
			isa = PBXTargetDependency;
			target = 8092A3021DE0C11C00A51954 /* Fenway Garden Society */;
			targetProxy = 8092A3231DE0C11D00A51954 /* PBXContainerItemProxy */;
		};
/* End PBXTargetDependency section */

/* Begin PBXVariantGroup section */
		8092A30A1DE0C11D00A51954 /* Main.storyboard */ = {
			isa = PBXVariantGroup;
			children = (
				8092A30B1DE0C11D00A51954 /* Base */,
			);
			name = Main.storyboard;
			sourceTree = "<group>";
		};
		8092A30F1DE0C11D00A51954 /* LaunchScreen.storyboard */ = {
			isa = PBXVariantGroup;
			children = (
				8092A3101DE0C11D00A51954 /* Base */,
			);
			name = LaunchScreen.storyboard;
			sourceTree = "<group>";
		};
/* End PBXVariantGroup section */

/* Begin XCBuildConfiguration section */
		8092A3291DE0C11D00A51954 /* Debug */ = {
			isa = XCBuildConfiguration;
			buildSettings = {
				ALWAYS_SEARCH_USER_PATHS = NO;
				CLANG_ANALYZER_NONNULL = YES;
				CLANG_CXX_LANGUAGE_STANDARD = "gnu++0x";
				CLANG_CXX_LIBRARY = "libc++";
				CLANG_ENABLE_MODULES = YES;
				CLANG_ENABLE_OBJC_ARC = YES;
				CLANG_WARN_BOOL_CONVERSION = YES;
				CLANG_WARN_CONSTANT_CONVERSION = YES;
				CLANG_WARN_DIRECT_OBJC_ISA_USAGE = YES_ERROR;
				CLANG_WARN_DOCUMENTATION_COMMENTS = YES;
				CLANG_WARN_EMPTY_BODY = YES;
				CLANG_WARN_ENUM_CONVERSION = YES;
				CLANG_WARN_INFINITE_RECURSION = YES;
				CLANG_WARN_INT_CONVERSION = YES;
				CLANG_WARN_OBJC_ROOT_CLASS = YES_ERROR;
				CLANG_WARN_SUSPICIOUS_MOVES = YES;
				CLANG_WARN_UNREACHABLE_CODE = YES;
				CLANG_WARN__DUPLICATE_METHOD_MATCH = YES;
				"CODE_SIGN_IDENTITY[sdk=iphoneos*]" = "iPhone Developer";
				COPY_PHASE_STRIP = NO;
				DEBUG_INFORMATION_FORMAT = dwarf;
				ENABLE_STRICT_OBJC_MSGSEND = YES;
				ENABLE_TESTABILITY = YES;
				GCC_C_LANGUAGE_STANDARD = gnu99;
				GCC_DYNAMIC_NO_PIC = NO;
				GCC_NO_COMMON_BLOCKS = YES;
				GCC_OPTIMIZATION_LEVEL = 0;
				GCC_PREPROCESSOR_DEFINITIONS = (
					"DEBUG=1",
					"$(inherited)",
				);
				GCC_WARN_64_TO_32_BIT_CONVERSION = YES;
				GCC_WARN_ABOUT_RETURN_TYPE = YES_ERROR;
				GCC_WARN_UNDECLARED_SELECTOR = YES;
				GCC_WARN_UNINITIALIZED_AUTOS = YES_AGGRESSIVE;
				GCC_WARN_UNUSED_FUNCTION = YES;
				GCC_WARN_UNUSED_VARIABLE = YES;
				IPHONEOS_DEPLOYMENT_TARGET = 10.1;
				MTL_ENABLE_DEBUG_INFO = YES;
				ONLY_ACTIVE_ARCH = YES;
				SDKROOT = iphoneos;
				SWIFT_ACTIVE_COMPILATION_CONDITIONS = DEBUG;
				SWIFT_OPTIMIZATION_LEVEL = "-Onone";
				TARGETED_DEVICE_FAMILY = "1,2";
			};
			name = Debug;
		};
		8092A32A1DE0C11D00A51954 /* Release */ = {
			isa = XCBuildConfiguration;
			buildSettings = {
				ALWAYS_SEARCH_USER_PATHS = NO;
				CLANG_ANALYZER_NONNULL = YES;
				CLANG_CXX_LANGUAGE_STANDARD = "gnu++0x";
				CLANG_CXX_LIBRARY = "libc++";
				CLANG_ENABLE_MODULES = YES;
				CLANG_ENABLE_OBJC_ARC = YES;
				CLANG_WARN_BOOL_CONVERSION = YES;
				CLANG_WARN_CONSTANT_CONVERSION = YES;
				CLANG_WARN_DIRECT_OBJC_ISA_USAGE = YES_ERROR;
				CLANG_WARN_DOCUMENTATION_COMMENTS = YES;
				CLANG_WARN_EMPTY_BODY = YES;
				CLANG_WARN_ENUM_CONVERSION = YES;
				CLANG_WARN_INFINITE_RECURSION = YES;
				CLANG_WARN_INT_CONVERSION = YES;
				CLANG_WARN_OBJC_ROOT_CLASS = YES_ERROR;
				CLANG_WARN_SUSPICIOUS_MOVES = YES;
				CLANG_WARN_UNREACHABLE_CODE = YES;
				CLANG_WARN__DUPLICATE_METHOD_MATCH = YES;
				"CODE_SIGN_IDENTITY[sdk=iphoneos*]" = "iPhone Developer";
				COPY_PHASE_STRIP = NO;
				DEBUG_INFORMATION_FORMAT = "dwarf-with-dsym";
				ENABLE_NS_ASSERTIONS = NO;
				ENABLE_STRICT_OBJC_MSGSEND = YES;
				GCC_C_LANGUAGE_STANDARD = gnu99;
				GCC_NO_COMMON_BLOCKS = YES;
				GCC_WARN_64_TO_32_BIT_CONVERSION = YES;
				GCC_WARN_ABOUT_RETURN_TYPE = YES_ERROR;
				GCC_WARN_UNDECLARED_SELECTOR = YES;
				GCC_WARN_UNINITIALIZED_AUTOS = YES_AGGRESSIVE;
				GCC_WARN_UNUSED_FUNCTION = YES;
				GCC_WARN_UNUSED_VARIABLE = YES;
				IPHONEOS_DEPLOYMENT_TARGET = 10.1;
				MTL_ENABLE_DEBUG_INFO = NO;
				SDKROOT = iphoneos;
				SWIFT_OPTIMIZATION_LEVEL = "-Owholemodule";
				TARGETED_DEVICE_FAMILY = "1,2";
				VALIDATE_PRODUCT = YES;
			};
			name = Release;
		};
		8092A32C1DE0C11D00A51954 /* Debug */ = {
			isa = XCBuildConfiguration;
			buildSettings = {
				ASSETCATALOG_COMPILER_APPICON_NAME = AppIcon;
				INFOPLIST_FILE = "Fenway Garden Society/Info.plist";
				LD_RUNPATH_SEARCH_PATHS = "$(inherited) @executable_path/Frameworks";
				PRODUCT_BUNDLE_IDENTIFIER = "BU-GAI.Fenway-Garden-Society";
				PRODUCT_NAME = "$(TARGET_NAME)";
				SWIFT_VERSION = 3.0;
			};
			name = Debug;
		};
		8092A32D1DE0C11D00A51954 /* Release */ = {
			isa = XCBuildConfiguration;
			buildSettings = {
				ASSETCATALOG_COMPILER_APPICON_NAME = AppIcon;
				INFOPLIST_FILE = "Fenway Garden Society/Info.plist";
				LD_RUNPATH_SEARCH_PATHS = "$(inherited) @executable_path/Frameworks";
				PRODUCT_BUNDLE_IDENTIFIER = "BU-GAI.Fenway-Garden-Society";
				PRODUCT_NAME = "$(TARGET_NAME)";
				SWIFT_VERSION = 3.0;
			};
			name = Release;
		};
		8092A32F1DE0C11D00A51954 /* Debug */ = {
			isa = XCBuildConfiguration;
			buildSettings = {
				ALWAYS_EMBED_SWIFT_STANDARD_LIBRARIES = YES;
				BUNDLE_LOADER = "$(TEST_HOST)";
				INFOPLIST_FILE = "Fenway Garden SocietyTests/Info.plist";
				LD_RUNPATH_SEARCH_PATHS = "$(inherited) @executable_path/Frameworks @loader_path/Frameworks";
				PRODUCT_BUNDLE_IDENTIFIER = "BU-GAI.Fenway-Garden-SocietyTests";
				PRODUCT_NAME = "$(TARGET_NAME)";
				SWIFT_VERSION = 3.0;
				TEST_HOST = "$(BUILT_PRODUCTS_DIR)/Fenway Garden Society.app/Fenway Garden Society";
			};
			name = Debug;
		};
		8092A3301DE0C11D00A51954 /* Release */ = {
			isa = XCBuildConfiguration;
			buildSettings = {
				ALWAYS_EMBED_SWIFT_STANDARD_LIBRARIES = YES;
				BUNDLE_LOADER = "$(TEST_HOST)";
				INFOPLIST_FILE = "Fenway Garden SocietyTests/Info.plist";
				LD_RUNPATH_SEARCH_PATHS = "$(inherited) @executable_path/Frameworks @loader_path/Frameworks";
				PRODUCT_BUNDLE_IDENTIFIER = "BU-GAI.Fenway-Garden-SocietyTests";
				PRODUCT_NAME = "$(TARGET_NAME)";
				SWIFT_VERSION = 3.0;
				TEST_HOST = "$(BUILT_PRODUCTS_DIR)/Fenway Garden Society.app/Fenway Garden Society";
			};
			name = Release;
		};
		8092A3321DE0C11D00A51954 /* Debug */ = {
			isa = XCBuildConfiguration;
			buildSettings = {
				ALWAYS_EMBED_SWIFT_STANDARD_LIBRARIES = YES;
				INFOPLIST_FILE = "Fenway Garden SocietyUITests/Info.plist";
				LD_RUNPATH_SEARCH_PATHS = "$(inherited) @executable_path/Frameworks @loader_path/Frameworks";
				PRODUCT_BUNDLE_IDENTIFIER = "BU-GAI.Fenway-Garden-SocietyUITests";
				PRODUCT_NAME = "$(TARGET_NAME)";
				SWIFT_VERSION = 3.0;
				TEST_TARGET_NAME = "Fenway Garden Society";
			};
			name = Debug;
		};
		8092A3331DE0C11D00A51954 /* Release */ = {
			isa = XCBuildConfiguration;
			buildSettings = {
				ALWAYS_EMBED_SWIFT_STANDARD_LIBRARIES = YES;
				INFOPLIST_FILE = "Fenway Garden SocietyUITests/Info.plist";
				LD_RUNPATH_SEARCH_PATHS = "$(inherited) @executable_path/Frameworks @loader_path/Frameworks";
				PRODUCT_BUNDLE_IDENTIFIER = "BU-GAI.Fenway-Garden-SocietyUITests";
				PRODUCT_NAME = "$(TARGET_NAME)";
				SWIFT_VERSION = 3.0;
				TEST_TARGET_NAME = "Fenway Garden Society";
			};
			name = Release;
		};
/* End XCBuildConfiguration section */

/* Begin XCConfigurationList section */
		8092A2FE1DE0C11C00A51954 /* Build configuration list for PBXProject "Fenway Garden Society" */ = {
			isa = XCConfigurationList;
			buildConfigurations = (
				8092A3291DE0C11D00A51954 /* Debug */,
				8092A32A1DE0C11D00A51954 /* Release */,
			);
			defaultConfigurationIsVisible = 0;
			defaultConfigurationName = Release;
		};
		8092A32B1DE0C11D00A51954 /* Build configuration list for PBXNativeTarget "Fenway Garden Society" */ = {
			isa = XCConfigurationList;
			buildConfigurations = (
				8092A32C1DE0C11D00A51954 /* Debug */,
				8092A32D1DE0C11D00A51954 /* Release */,
			);
			defaultConfigurationIsVisible = 0;
			defaultConfigurationName = Release;
		};
		8092A32E1DE0C11D00A51954 /* Build configuration list for PBXNativeTarget "Fenway Garden SocietyTests" */ = {
			isa = XCConfigurationList;
			buildConfigurations = (
				8092A32F1DE0C11D00A51954 /* Debug */,
				8092A3301DE0C11D00A51954 /* Release */,
			);
			defaultConfigurationIsVisible = 0;
			defaultConfigurationName = Release;
		};
		8092A3311DE0C11D00A51954 /* Build configuration list for PBXNativeTarget "Fenway Garden SocietyUITests" */ = {
			isa = XCConfigurationList;
			buildConfigurations = (
				8092A3321DE0C11D00A51954 /* Debug */,
				8092A3331DE0C11D00A51954 /* Release */,
			);
			defaultConfigurationIsVisible = 0;
			defaultConfigurationName = Release;
		};
/* End XCConfigurationList section */
	};
	rootObject = 8092A2FB1DE0C11C00A51954 /* Project object */;
}
